
Microsoft Visual Studio Solution File, Format Version 12.00
# Visual Studio Version 17
VisualStudioVersion = 17.8.34330.188
MinimumVisualStudioVersion = 10.0.40219.1
Project("{9A19103F-16F7-4668-BE54-9A1E7A4F7556}") = "AspektBasicWebAPI", "AspektBasicWebAPI\AspektBasicWebAPI.csproj", "{EE80B155-2CC2-4BD9-A4CF-C5F239250C8A}"
EndProject
Project("{FAE04EC0-301F-11D3-BF4B-00C04F79EFBC}") = "AspektBasicWebAPI Test", "AspektBasicWebAPI Test\AspektBasicWebAPI Test.csproj", "{A48163C0-C3AC-41F5-814B-666D1CB6AC13}"
EndProject
Global
	GlobalSection(SolutionConfigurationPlatforms) = preSolution
		Debug|Any CPU = Debug|Any CPU
		Release|Any CPU = Release|Any CPU
	EndGlobalSection
	GlobalSection(ProjectConfigurationPlatforms) = postSolution
		{EE80B155-2CC2-4BD9-A4CF-C5F239250C8A}.Debug|Any CPU.ActiveCfg = Debug|Any CPU
		{EE80B155-2CC2-4BD9-A4CF-C5F239250C8A}.Debug|Any CPU.Build.0 = Debug|Any CPU
		{EE80B155-2CC2-4BD9-A4CF-C5F239250C8A}.Release|Any CPU.ActiveCfg = Release|Any CPU
		{EE80B155-2CC2-4BD9-A4CF-C5F239250C8A}.Release|Any CPU.Build.0 = Release|Any CPU
		{A48163C0-C3AC-41F5-814B-666D1CB6AC13}.Debug|Any CPU.ActiveCfg = Debug|Any CPU
		{A48163C0-C3AC-41F5-814B-666D1CB6AC13}.Debug|Any CPU.Build.0 = Debug|Any CPU
		{A48163C0-C3AC-41F5-814B-666D1CB6AC13}.Release|Any CPU.ActiveCfg = Release|Any CPU
		{A48163C0-C3AC-41F5-814B-666D1CB6AC13}.Release|Any CPU.Build.0 = Release|Any CPU
	EndGlobalSection
	GlobalSection(SolutionProperties) = preSolution
		HideSolutionNode = FALSE
	EndGlobalSection
	GlobalSection(ExtensibilityGlobals) = postSolution
		SolutionGuid = {12050E92-C216-4959-8F45-9BB430F3A743}
	EndGlobalSection
EndGlobal
